
Microsoft Visual Studio Solution File, Format Version 12.00
# Visual Studio Version 17
VisualStudioVersion = 17.14.36623.8 d17.14
MinimumVisualStudioVersion = 10.0.40219.1
Project("{2150E333-8FDC-42A3-9474-1A3956D46DE8}") = "Services", "Services", "{02EA681E-C7D8-13C7-8484-4AC65E1B71E8}"
EndProject
Project("{2150E333-8FDC-42A3-9474-1A3956D46DE8}") = "Catalog", "Catalog", "{5BE2EBEF-6993-46E2-994F-1FC7674A8517}"
EndProject
Project("{FAE04EC0-301F-11D3-BF4B-00C04F79EFBC}") = "Catalog.API", "Services\Catalog\Catalog.API\Catalog.API.csproj", "{5FE83593-5019-44F8-A4C2-79948E50EE31}"
EndProject
Project("{FAE04EC0-301F-11D3-BF4B-00C04F79EFBC}") = "Catalog.Application", "Catalog.Application\Catalog.Application.csproj", "{ABE5C19F-3605-4BF1-B6B7-A2A3E903C485}"
EndProject
Project("{FAE04EC0-301F-11D3-BF4B-00C04F79EFBC}") = "Catalog.Core", "Catalog.Core\Catalog.Core.csproj", "{EFADFD0D-E940-46B2-A97C-16A63B8A023B}"
EndProject
Project("{FAE04EC0-301F-11D3-BF4B-00C04F79EFBC}") = "Catalog.Infrastructure", "Catalog.Infrastructure\Catalog.Infrastructure.csproj", "{53819145-A47F-4ECA-89BB-E6247B1C7CE4}"
EndProject
Global
	GlobalSection(SolutionConfigurationPlatforms) = preSolution
		Debug|Any CPU = Debug|Any CPU
		Release|Any CPU = Release|Any CPU
	EndGlobalSection
	GlobalSection(ProjectConfigurationPlatforms) = postSolution
		{5FE83593-5019-44F8-A4C2-79948E50EE31}.Debug|Any CPU.ActiveCfg = Debug|Any CPU
		{5FE83593-5019-44F8-A4C2-79948E50EE31}.Debug|Any CPU.Build.0 = Debug|Any CPU
		{5FE83593-5019-44F8-A4C2-79948E50EE31}.Release|Any CPU.ActiveCfg = Release|Any CPU
		{5FE83593-5019-44F8-A4C2-79948E50EE31}.Release|Any CPU.Build.0 = Release|Any CPU
		{ABE5C19F-3605-4BF1-B6B7-A2A3E903C485}.Debug|Any CPU.ActiveCfg = Debug|Any CPU
		{ABE5C19F-3605-4BF1-B6B7-A2A3E903C485}.Debug|Any CPU.Build.0 = Debug|Any CPU
		{ABE5C19F-3605-4BF1-B6B7-A2A3E903C485}.Release|Any CPU.ActiveCfg = Release|Any CPU
		{ABE5C19F-3605-4BF1-B6B7-A2A3E903C485}.Release|Any CPU.Build.0 = Release|Any CPU
		{EFADFD0D-E940-46B2-A97C-16A63B8A023B}.Debug|Any CPU.ActiveCfg = Debug|Any CPU
		{EFADFD0D-E940-46B2-A97C-16A63B8A023B}.Debug|Any CPU.Build.0 = Debug|Any CPU
		{EFADFD0D-E940-46B2-A97C-16A63B8A023B}.Release|Any CPU.ActiveCfg = Release|Any CPU
		{EFADFD0D-E940-46B2-A97C-16A63B8A023B}.Release|Any CPU.Build.0 = Release|Any CPU
		{53819145-A47F-4ECA-89BB-E6247B1C7CE4}.Debug|Any CPU.ActiveCfg = Debug|Any CPU
		{53819145-A47F-4ECA-89BB-E6247B1C7CE4}.Debug|Any CPU.Build.0 = Debug|Any CPU
		{53819145-A47F-4ECA-89BB-E6247B1C7CE4}.Release|Any CPU.ActiveCfg = Release|Any CPU
		{53819145-A47F-4ECA-89BB-E6247B1C7CE4}.Release|Any CPU.Build.0 = Release|Any CPU
	EndGlobalSection
	GlobalSection(SolutionProperties) = preSolution
		HideSolutionNode = FALSE
	EndGlobalSection
	GlobalSection(NestedProjects) = preSolution
		{5BE2EBEF-6993-46E2-994F-1FC7674A8517} = {02EA681E-C7D8-13C7-8484-4AC65E1B71E8}
		{5FE83593-5019-44F8-A4C2-79948E50EE31} = {5BE2EBEF-6993-46E2-994F-1FC7674A8517}
		{ABE5C19F-3605-4BF1-B6B7-A2A3E903C485} = {5BE2EBEF-6993-46E2-994F-1FC7674A8517}
		{EFADFD0D-E940-46B2-A97C-16A63B8A023B} = {5BE2EBEF-6993-46E2-994F-1FC7674A8517}
		{53819145-A47F-4ECA-89BB-E6247B1C7CE4} = {5BE2EBEF-6993-46E2-994F-1FC7674A8517}
	EndGlobalSection
	GlobalSection(ExtensibilityGlobals) = postSolution
		SolutionGuid = {A0048D50-7105-4C41-87D1-8A939367CC4D}
	EndGlobalSection
EndGlobal
